version = 1
revision = 2
requires-python = ">=3.8"

[[package]]
name = "clsprop"
version = "1.3.1"
source = { editable = "." }

[package.dev-dependencies]
dev = [
    { name = "mypy" },
    { name = "pytest" },
    { name = "ruff" },
]

[package.metadata]

[package.metadata.requires-dev]
dev = [
    { name = "mypy" },
    { name = "pytest" },
    { name = "ruff" },
]

[[package]]
name = "colorama"
version = "0.4.6"
source = { registry = "https://pypi.org/simple" }
sdist = { url = "https://files.pythonhosted.org/packages/d8/53/6f443c9a4a8358a93a6792e2acffb9d9d5cb0a5cfd8802644b7b1c9a02e4/colorama-0.4.6.tar.gz", hash = "sha256:08695f5cb7ed6e0531a20572697297273c47b8cae5a63ffc6d6ed5c201be6e44", size = 27697, upload-time = "2022-10-25T02:36:22.414Z" }
wheels = [
    { url = "https://files.pythonhosted.org/packages/d1/d6/3965ed04c63042e047cb6a3e6ed1a63a35087b6a609aa3a15ed8ac56c221/colorama-0.4.6-py2.py3-none-any.whl", hash = "sha256:4f1d9991f5acc0ca119f9d443620b77f9d6b33703e51011c16baf57afb285fc6", size = 25335, upload-time = "2022-10-25T02:36:20.889Z" },
]

[[package]]
name = "exceptiongroup"
version = "1.2.0"
source = { registry = "https://pypi.org/simple" }
sdist = { url = "https://files.pythonhosted.org/packages/8e/1c/beef724eaf5b01bb44b6338c8c3494eff7cab376fab4904cfbbc3585dc79/exceptiongroup-1.2.0.tar.gz", hash = "sha256:91f5c769735f051a4290d52edd0858999b57e5876e9f85937691bd4c9fa3ed68", size = 26264, upload-time = "2023-11-21T08:42:17.407Z" }
wheels = [
    { url = "https://files.pythonhosted.org/packages/b8/9a/5028fd52db10e600f1c4674441b968cf2ea4959085bfb5b99fb1250e5f68/exceptiongroup-1.2.0-py3-none-any.whl", hash = "sha256:4bfd3996ac73b41e9b9628b04e079f193850720ea5945fc96a08633c66912f14", size = 16210, upload-time = "2023-11-21T08:42:15.525Z" },
]

[[package]]
name = "iniconfig"
version = "2.0.0"
source = { registry = "https://pypi.org/simple" }
sdist = { url = "https://files.pythonhosted.org/packages/d7/4b/cbd8e699e64a6f16ca3a8220661b5f83792b3017d0f79807cb8708d33913/iniconfig-2.0.0.tar.gz", hash = "sha256:2d91e135bf72d31a410b17c16da610a82cb55f6b0477d1a902134b24a455b8b3", size = 4646, upload-time = "2023-01-07T11:08:11.254Z" }
wheels = [
    { url = "https://files.pythonhosted.org/packages/ef/a6/62565a6e1cf69e10f5727360368e451d4b7f58beeac6173dc9db836a5b46/iniconfig-2.0.0-py3-none-any.whl", hash = "sha256:b6a85871a79d2e3b22d2d1b94ac2824226a63c6b741c88f7ae975f18b6778374", size = 5892, upload-time = "2023-01-07T11:08:09.864Z" },
]

[[package]]
name = "mypy"
version = "1.8.0"
source = { registry = "https://pypi.org/simple" }
dependencies = [
    { name = "mypy-extensions" },
    { name = "tomli", marker = "python_full_version < '3.11'" },
    { name = "typing-extensions" },
]
sdist = { url = "https://files.pythonhosted.org/packages/16/22/25fac51008f0a4b2186da0dba3039128bd75d3fab8c07acd3ea5894f95cc/mypy-1.8.0.tar.gz", hash = "sha256:6ff8b244d7085a0b425b56d327b480c3b29cafbd2eff27316a004f9a7391ae07", size = 2990299, upload-time = "2023-12-21T16:29:33.134Z" }
wheels = [
    { url = "https://files.pythonhosted.org/packages/6d/6c/c33a5d50776a769be7ed7ca6709003c99aecd43913b9d82914bc72f154d8/mypy-1.8.0-cp310-cp310-macosx_10_9_x86_64.whl", hash = "sha256:485a8942f671120f76afffff70f259e1cd0f0cfe08f81c05d8816d958d4577d3", size = 10913063, upload-time = "2023-12-21T16:28:31.974Z" },
    { url = "https://files.pythonhosted.org/packages/08/d1/a9c12c6890c789fd965ade8b37bef1989f649e87c62fde3df658dff394fc/mypy-1.8.0-cp310-cp310-macosx_11_0_arm64.whl", hash = "sha256:df9824ac11deaf007443e7ed2a4a26bebff98d2bc43c6da21b2b64185da011c4", size = 9956736, upload-time = "2023-12-21T16:29:00.432Z" },
    { url = "https://files.pythonhosted.org/packages/f1/48/e78aa47176bf7c24beb321031043d7c9c99035d816a6eca32d13cc59736f/mypy-1.8.0-cp310-cp310-manylinux_2_17_x86_64.manylinux2014_x86_64.whl", hash = "sha256:2afecd6354bbfb6e0160f4e4ad9ba6e4e003b767dd80d85516e71f2e955ab50d", size = 12516409, upload-time = "2023-12-21T16:28:38.435Z" },
    { url = "https://files.pythonhosted.org/packages/76/5c/663409829016ca450b68b163cc36c67e0690c546e44923764043b85c175d/mypy-1.8.0-cp310-cp310-musllinux_1_1_x86_64.whl", hash = "sha256:8963b83d53ee733a6e4196954502b33567ad07dfd74851f32be18eb932fb1cb9", size = 12582018, upload-time = "2023-12-21T16:28:52.824Z" },
    { url = "https://files.pythonhosted.org/packages/35/9a/3179c5efd023b2ecb88a80307581aeb005bdffe24ff53a33b261075f15d5/mypy-1.8.0-cp310-cp310-win_amd64.whl", hash = "sha256:e46f44b54ebddbeedbd3d5b289a893219065ef805d95094d16a0af6630f5d410", size = 9214316, upload-time = "2023-12-21T16:28:34.746Z" },
    { url = "https://files.pythonhosted.org/packages/d6/c4/2ce11ff9ba6c9c9e89df5049ab2325c85e60274194d6816e352926de5684/mypy-1.8.0-cp311-cp311-macosx_10_9_x86_64.whl", hash = "sha256:855fe27b80375e5c5878492f0729540db47b186509c98dae341254c8f45f42ae", size = 10795101, upload-time = "2023-12-21T16:29:27.049Z" },
    { url = "https://files.pythonhosted.org/packages/bb/b7/882110d1345847ce660c51fc83b3b590b9512ec2ea44e6cfd629a7d66146/mypy-1.8.0-cp311-cp311-macosx_11_0_arm64.whl", hash = "sha256:4c886c6cce2d070bd7df4ec4a05a13ee20c0aa60cb587e8d1265b6c03cf91da3", size = 9849744, upload-time = "2023-12-21T16:28:28.884Z" },
    { url = "https://files.pythonhosted.org/packages/19/c6/256f253cb3fc6b30b93a9836cf3c816a3ec09f934f7b567f693e5666d14f/mypy-1.8.0-cp311-cp311-manylinux_2_17_x86_64.manylinux2014_x86_64.whl", hash = "sha256:d19c413b3c07cbecf1f991e2221746b0d2a9410b59cb3f4fb9557f0365a1a817", size = 12391778, upload-time = "2023-12-21T16:28:17.728Z" },
    { url = "https://files.pythonhosted.org/packages/66/19/e0c9373258f3e84e1e24af357e5663e6b0058bb5c307287e9d1a473a9687/mypy-1.8.0-cp311-cp311-musllinux_1_1_x86_64.whl", hash = "sha256:9261ed810972061388918c83c3f5cd46079d875026ba97380f3e3978a72f503d", size = 12461242, upload-time = "2023-12-21T16:29:07.651Z" },
    { url = "https://files.pythonhosted.org/packages/a9/d7/a7ee8ca5a963b5bf55a6b4bc579df77c887e7fbc0910047b7d0f7750b048/mypy-1.8.0-cp311-cp311-win_amd64.whl", hash = "sha256:51720c776d148bad2372ca21ca29256ed483aa9a4cdefefcef49006dff2a6835", size = 9205536, upload-time = "2023-12-21T16:28:56.76Z" },
    { url = "https://files.pythonhosted.org/packages/08/24/83d9e62ab2031593e94438fdbfd2c32996f4d818be26d2dc33be6870a3a0/mypy-1.8.0-cp312-cp312-macosx_10_9_x86_64.whl", hash = "sha256:52825b01f5c4c1c4eb0db253ec09c7aa17e1a7304d247c48b6f3599ef40db8bd", size = 10849520, upload-time = "2023-12-21T16:29:30.482Z" },
    { url = "https://files.pythonhosted.org/packages/74/e8/30c42199bb5aefb37e02a9bece41f6a62a60a1c427cab8643bc0e7886df1/mypy-1.8.0-cp312-cp312-macosx_11_0_arm64.whl", hash = "sha256:f5ac9a4eeb1ec0f1ccdc6f326bcdb464de5f80eb07fb38b5ddd7b0de6bc61e55", size = 9812231, upload-time = "2023-12-21T16:28:06.606Z" },
    { url = "https://files.pythonhosted.org/packages/a6/70/49e9dc3d4ef98c22e09f1d7b0195833ad7eeda19a24fcc42bf1b62c89110/mypy-1.8.0-cp312-cp312-manylinux_2_17_x86_64.manylinux2014_x86_64.whl", hash = "sha256:afe3fe972c645b4632c563d3f3eff1cdca2fa058f730df2b93a35e3b0c538218", size = 12422003, upload-time = "2023-12-21T16:28:01.87Z" },
    { url = "https://files.pythonhosted.org/packages/33/14/902484951fa662ee6e044087a50dab4b16b534920dda2eea9380ce2e7b2d/mypy-1.8.0-cp312-cp312-musllinux_1_1_x86_64.whl", hash = "sha256:42c6680d256ab35637ef88891c6bd02514ccb7e1122133ac96055ff458f93fc3", size = 12497387, upload-time = "2023-12-21T16:29:17.389Z" },
    { url = "https://files.pythonhosted.org/packages/aa/88/c6f214f1beeac9daffa1c3d0a5cbf96ee05617ca3e822c436c83f141ad8f/mypy-1.8.0-cp312-cp312-win_amd64.whl", hash = "sha256:720a5ca70e136b675af3af63db533c1c8c9181314d207568bbe79051f122669e", size = 9302230, upload-time = "2023-12-21T16:29:14.009Z" },
    { url = "https://files.pythonhosted.org/packages/c4/8f/2042e7e7f19d78ce1ba7fc671700e0ba95d8b8299a86dd2646d2a1f84644/mypy-1.8.0-cp38-cp38-macosx_10_9_x86_64.whl", hash = "sha256:028cf9f2cae89e202d7b6593cd98db6759379f17a319b5faf4f9978d7084cdc6", size = 10847664, upload-time = "2023-12-21T16:29:24.041Z" },
    { url = "https://files.pythonhosted.org/packages/04/8a/1b8c19dd00eb21ad3170762202e4cb82de7c4af0fbd4a4fb7524606858ba/mypy-1.8.0-cp38-cp38-macosx_11_0_arm64.whl", hash = "sha256:4e6d97288757e1ddba10dd9549ac27982e3e74a49d8d0179fc14d4365c7add66", size = 9909951, upload-time = "2023-12-21T16:29:10.788Z" },
    { url = "https://files.pythonhosted.org/packages/54/46/4681859453851b40e1c135ba589cde1fce915177c8f213e2aaeb57e1f209/mypy-1.8.0-cp38-cp38-manylinux_2_17_x86_64.manylinux2014_x86_64.whl", hash = "sha256:7f1478736fcebb90f97e40aff11a5f253af890c845ee0c850fe80aa060a267c6", size = 12467138, upload-time = "2023-12-21T16:28:23.77Z" },
    { url = "https://files.pythonhosted.org/packages/cf/e6/ff8f978edb778452748a3228c014b55d6585cccf62f80323eab391d2b811/mypy-1.8.0-cp38-cp38-musllinux_1_1_x86_64.whl", hash = "sha256:42419861b43e6962a649068a61f4a4839205a3ef525b858377a960b9e2de6e0d", size = 12520981, upload-time = "2023-12-21T16:28:41.827Z" },
    { url = "https://files.pythonhosted.org/packages/aa/ba/52b3b8c439284b560697da65cee3e0ff0776beab29f3366f60dd4bcf1a92/mypy-1.8.0-cp38-cp38-win_amd64.whl", hash = "sha256:2b5b6c721bd4aabaadead3a5e6fa85c11c6c795e0c81a7215776ef8afc66de02", size = 9195641, upload-time = "2023-12-21T16:28:49.318Z" },
    { url = "https://files.pythonhosted.org/packages/77/66/c79c051c1cc01c275e5d71acadf831aeef3099272e78c7d8b0685be0a567/mypy-1.8.0-cp39-cp39-macosx_10_9_x86_64.whl", hash = "sha256:5c1538c38584029352878a0466f03a8ee7547d7bd9f641f57a0f3017a7c905b8", size = 10909314, upload-time = "2023-12-21T16:29:20.979Z" },
    { url = "https://files.pythonhosted.org/packages/6a/86/e37ae331e2ec831619db70db4e32e9635dc669db940318c297cf248832d8/mypy-1.8.0-cp39-cp39-macosx_11_0_arm64.whl", hash = "sha256:4ef4be7baf08a203170f29e89d79064463b7fc7a0908b9d0d5114e8009c3a259", size = 9951763, upload-time = "2023-12-21T16:28:09.903Z" },
    { url = "https://files.pythonhosted.org/packages/86/5c/cbf921a0048926c4386410539ff4c3f08448684a92d9c8e73e692f1db154/mypy-1.8.0-cp39-cp39-manylinux_2_17_x86_64.manylinux2014_x86_64.whl", hash = "sha256:7178def594014aa6c35a8ff411cf37d682f428b3b5617ca79029d8ae72f5402b", size = 12512011, upload-time = "2023-12-21T16:29:04.451Z" },
    { url = "https://files.pythonhosted.org/packages/41/6b/25e22dfc730bf698be85600339edefd5d07efe7436cce765631c170a9c31/mypy-1.8.0-cp39-cp39-musllinux_1_1_x86_64.whl", hash = "sha256:ab3c84fa13c04aeeeabb2a7f67a25ef5d77ac9d6486ff33ded762ef353aa5592", size = 12579006, upload-time = "2023-12-21T16:28:13.877Z" },
    { url = "https://files.pythonhosted.org/packages/21/f5/b2dcd2e10dcc6f4f0670a7a45195071a52a925fefe99268e5e51ce77e5b2/mypy-1.8.0-cp39-cp39-win_amd64.whl", hash = "sha256:99b00bc72855812a60d253420d8a2eae839b0afa4938f09f4d2aa9bb4654263a", size = 9210149, upload-time = "2023-12-21T16:28:44.978Z" },
    { url = "https://files.pythonhosted.org/packages/3a/e3/b582bff8e2fc7056a8a00ec06d2ac3509fc9595af9954099ed70e0418ac3/mypy-1.8.0-py3-none-any.whl", hash = "sha256:538fd81bb5e430cc1381a443971c0475582ff9f434c16cd46d2c66763ce85d9d", size = 2553257, upload-time = "2023-12-21T16:28:20.857Z" },
]

[[package]]
name = "mypy-extensions"
version = "1.0.0"
source = { registry = "https://pypi.org/simple" }
sdist = { url = "https://files.pythonhosted.org/packages/98/a4/1ab47638b92648243faf97a5aeb6ea83059cc3624972ab6b8d2316078d3f/mypy_extensions-1.0.0.tar.gz", hash = "sha256:75dbf8955dc00442a438fc4d0666508a9a97b6bd41aa2f0ffe9d2f2725af0782", size = 4433, upload-time = "2023-02-04T12:11:27.157Z" }
wheels = [
    { url = "https://files.pythonhosted.org/packages/2a/e2/5d3f6ada4297caebe1a2add3b126fe800c96f56dbe5d1988a2cbe0b267aa/mypy_extensions-1.0.0-py3-none-any.whl", hash = "sha256:4392f6c0eb8a5668a69e23d168ffa70f0be9ccfd32b5cc2d26a34ae5b844552d", size = 4695, upload-time = "2023-02-04T12:11:25.002Z" },
]

[[package]]
name = "packaging"
version = "23.2"
source = { registry = "https://pypi.org/simple" }
sdist = { url = "https://files.pythonhosted.org/packages/fb/2b/9b9c33ffed44ee921d0967086d653047286054117d584f1b1a7c22ceaf7b/packaging-23.2.tar.gz", hash = "sha256:048fb0e9405036518eaaf48a55953c750c11e1a1b68e0dd1a9d62ed0c092cfc5", size = 146714, upload-time = "2023-10-01T13:50:05.279Z" }
wheels = [
    { url = "https://files.pythonhosted.org/packages/ec/1a/610693ac4ee14fcdf2d9bf3c493370e4f2ef7ae2e19217d7a237ff42367d/packaging-23.2-py3-none-any.whl", hash = "sha256:8c491190033a9af7e1d931d0b5dacc2ef47509b34dd0de67ed209b5203fc88c7", size = 53011, upload-time = "2023-10-01T13:50:03.745Z" },
]

[[package]]
name = "pluggy"
version = "1.4.0"
source = { registry = "https://pypi.org/simple" }
sdist = { url = "https://files.pythonhosted.org/packages/54/c6/43f9d44d92aed815e781ca25ba8c174257e27253a94630d21be8725a2b59/pluggy-1.4.0.tar.gz", hash = "sha256:8c85c2876142a764e5b7548e7d9a0e0ddb46f5185161049a79b7e974454223be", size = 65812, upload-time = "2024-01-24T13:45:15.875Z" }
wheels = [
    { url = "https://files.pythonhosted.org/packages/a5/5b/0cc789b59e8cc1bf288b38111d002d8c5917123194d45b29dcdac64723cc/pluggy-1.4.0-py3-none-any.whl", hash = "sha256:7db9f7b503d67d1c5b95f59773ebb58a8c1c288129a88665838012cfb07b8981", size = 20120, upload-time = "2024-01-24T13:45:14.227Z" },
]

[[package]]
name = "pytest"
version = "8.0.0"
source = { registry = "https://pypi.org/simple" }
dependencies = [
    { name = "colorama", marker = "sys_platform == 'win32'" },
    { name = "exceptiongroup", marker = "python_full_version < '3.11'" },
    { name = "iniconfig" },
    { name = "packaging" },
    { name = "pluggy" },
    { name = "tomli", marker = "python_full_version < '3.11'" },
]
sdist = { url = "https://files.pythonhosted.org/packages/50/fd/af2d835eed57448960c4e7e9ab76ee42f24bcdd521e967191bc26fa2dece/pytest-8.0.0.tar.gz", hash = "sha256:249b1b0864530ba251b7438274c4d251c58d868edaaec8762893ad4a0d71c36c", size = 1395242, upload-time = "2024-01-27T21:47:58.099Z" }
wheels = [
    { url = "https://files.pythonhosted.org/packages/c7/10/727155d44c5e04bb08e880668e53079547282e4f950535234e5a80690564/pytest-8.0.0-py3-none-any.whl", hash = "sha256:50fb9cbe836c3f20f0dfa99c565201fb75dc54c8d76373cd1bde06b06657bdb6", size = 334024, upload-time = "2024-01-27T21:47:54.913Z" },
]

[[package]]
name = "ruff"
version = "0.2.1"
source = { registry = "https://pypi.org/simple" }
sdist = { url = "https://files.pythonhosted.org/packages/61/b6/369912503f4858f3cdf4e123b951d7647beb47d7db0eb5f616dd1ef37775/ruff-0.2.1.tar.gz", hash = "sha256:3b42b5d8677cd0c72b99fcaf068ffc62abb5a19e71b4a3b9cfa50658a0af02f1", size = 2009158, upload-time = "2024-02-05T22:29:17.516Z" }
wheels = [
    { url = "https://files.pythonhosted.org/packages/00/a1/618f1dbf5fc66c27221b1ede09a8b07ad4796cdf6cf9a8f8e4b20bb5987b/ruff-0.2.1-py3-none-macosx_10_12_x86_64.macosx_11_0_arm64.macosx_10_12_universal2.whl", hash = "sha256:dd81b911d28925e7e8b323e8d06951554655021df8dd4ac3045d7212ac4ba080", size = 14513022, upload-time = "2024-02-05T22:28:13.589Z" },
    { url = "https://files.pythonhosted.org/packages/50/98/da1db1515e6ad15a4e4bdbb9db8081ae555ba740fe5421a7a41bc35a144d/ruff-0.2.1-py3-none-macosx_10_12_x86_64.whl", hash = "sha256:dc586724a95b7d980aa17f671e173df00f0a2eef23f8babbeee663229a938fec", size = 7411308, upload-time = "2024-02-05T22:28:20.749Z" },
    { url = "https://files.pythonhosted.org/packages/88/6d/26de1c29fdef591e56e0f8336bb050f581b48ead1b7b69eab16a1e4ed8eb/ruff-0.2.1-py3-none-manylinux_2_17_aarch64.manylinux2014_aarch64.whl", hash = "sha256:c92db7101ef5bfc18e96777ed7bc7c822d545fa5977e90a585accac43d22f18a", size = 7206727, upload-time = "2024-02-05T22:28:24.264Z" },
    { url = "https://files.pythonhosted.org/packages/8e/e4/9bd2bbe2d950a58673b48d3080e66794b475f172d1f7ec6ca3ec8dd7422c/ruff-0.2.1-py3-none-manylinux_2_17_armv7l.manylinux2014_armv7l.whl", hash = "sha256:13471684694d41ae0f1e8e3a7497e14cd57ccb7dd72ae08d56a159d6c9c3e30e", size = 6636411, upload-time = "2024-02-05T22:28:28.267Z" },
    { url = "https://files.pythonhosted.org/packages/23/71/58999dc8a56d417658b26704347777e5d5c0df35303e39aecb5fe2dd2fa1/ruff-0.2.1-py3-none-manylinux_2_17_i686.manylinux2014_i686.whl", hash = "sha256:a11567e20ea39d1f51aebd778685582d4c56ccb082c1161ffc10f79bebe6df35", size = 7646392, upload-time = "2024-02-05T22:28:31.69Z" },
    { url = "https://files.pythonhosted.org/packages/f2/ea/2b87e1ce4b0c8175509a9206a3fd656f611aa1f6cfac5fe68a6e0b43aa11/ruff-0.2.1-py3-none-manylinux_2_17_ppc64.manylinux2014_ppc64.whl", hash = "sha256:00a818e2db63659570403e44383ab03c529c2b9678ba4ba6c105af7854008105", size = 8268392, upload-time = "2024-02-05T22:28:35.6Z" },
    { url = "https://files.pythonhosted.org/packages/4a/18/25775a58c90c90f1bfab9cd3c072214e955aaf2b754ca2412c19a655c4d3/ruff-0.2.1-py3-none-manylinux_2_17_ppc64le.manylinux2014_ppc64le.whl", hash = "sha256:be60592f9d218b52f03384d1325efa9d3b41e4c4d55ea022cd548547cc42cd2b", size = 8062532, upload-time = "2024-02-05T22:28:39.368Z" },
    { url = "https://files.pythonhosted.org/packages/7a/83/9633fb23c5c2bcdae402a711f1aee33a4e3362f35f636925923cf9a54367/ruff-0.2.1-py3-none-manylinux_2_17_s390x.manylinux2014_s390x.whl", hash = "sha256:fbd2288890b88e8aab4499e55148805b58ec711053588cc2f0196a44f6e3d855", size = 8618798, upload-time = "2024-02-05T22:28:43.434Z" },
    { url = "https://files.pythonhosted.org/packages/70/d3/67fdaff63c3092fb667573d6b69fe601020212078b68adedcb821ad4dfcd/ruff-0.2.1-py3-none-manylinux_2_17_x86_64.manylinux2014_x86_64.whl", hash = "sha256:f3ef052283da7dec1987bba8d8733051c2325654641dfe5877a4022108098683", size = 7645313, upload-time = "2024-02-05T22:28:47.059Z" },
    { url = "https://files.pythonhosted.org/packages/d3/cf/cc735333d04680ce918b81a0fde6aa582df36893a37f4647fe44ba180293/ruff-0.2.1-py3-none-musllinux_1_2_aarch64.whl", hash = "sha256:7022d66366d6fded4ba3889f73cd791c2d5621b2ccf34befc752cb0df70f5fad", size = 7124746, upload-time = "2024-02-05T22:28:50.651Z" },
    { url = "https://files.pythonhosted.org/packages/ad/75/b553591a7ac113d3b1e8dc30442edf26fc3e865cd2ed8cfe8d7f6bc3a608/ruff-0.2.1-py3-none-musllinux_1_2_armv7l.whl", hash = "sha256:0a725823cb2a3f08ee743a534cb6935727d9e47409e4ad72c10a3faf042ad5ba", size = 6618429, upload-time = "2024-02-05T22:28:54.746Z" },
    { url = "https://files.pythonhosted.org/packages/be/16/e490efc109900a7cd35881fc6ad3e9d885441aa7c154a57890ee66c998cd/ruff-0.2.1-py3-none-musllinux_1_2_i686.whl", hash = "sha256:0034d5b6323e6e8fe91b2a1e55b02d92d0b582d2953a2b37a67a2d7dedbb7acc", size = 7328520, upload-time = "2024-02-05T22:28:58.648Z" },
    { url = "https://files.pythonhosted.org/packages/43/81/75a8b6771ea60a599551737b06cf6167bf47568f0530617c320e95bb916f/ruff-0.2.1-py3-none-musllinux_1_2_x86_64.whl", hash = "sha256:e5cb5526d69bb9143c2e4d2a115d08ffca3d8e0fddc84925a7b54931c96f5c02", size = 7701070, upload-time = "2024-02-05T22:29:02.794Z" },
    { url = "https://files.pythonhosted.org/packages/aa/92/65a58c938d85999770b2fe40c4c089c31afc0b813bd0c517e11b2424531a/ruff-0.2.1-py3-none-win32.whl", hash = "sha256:6b95ac9ce49b4fb390634d46d6ece32ace3acdd52814671ccaf20b7f60adb232", size = 6756320, upload-time = "2024-02-05T22:29:06.778Z" },
    { url = "https://files.pythonhosted.org/packages/87/98/f34b8f7e0af12846a5b25c55facc853c92d43f37304e35ceb7d60a2c4392/ruff-0.2.1-py3-none-win_amd64.whl", hash = "sha256:e3affdcbc2afb6f5bd0eb3130139ceedc5e3f28d206fe49f63073cb9e65988e0", size = 7398543, upload-time = "2024-02-05T22:29:10.54Z" },
    { url = "https://files.pythonhosted.org/packages/4c/81/9585441b9968c2052b0a25cf951d2e8923fd1c4d52f316165ebb958f3718/ruff-0.2.1-py3-none-win_arm64.whl", hash = "sha256:efababa8e12330aa94a53e90a81eb6e2d55f348bc2e71adbf17d9cad23c03ee6", size = 7071225, upload-time = "2024-02-05T22:29:14.252Z" },
]

[[package]]
name = "tomli"
version = "2.0.1"
source = { registry = "https://pypi.org/simple" }
sdist = { url = "https://files.pythonhosted.org/packages/c0/3f/d7af728f075fb08564c5949a9c95e44352e23dee646869fa104a3b2060a3/tomli-2.0.1.tar.gz", hash = "sha256:de526c12914f0c550d15924c62d72abc48d6fe7364aa87328337a31007fe8a4f", size = 15164, upload-time = "2022-02-08T10:54:04.006Z" }
wheels = [
    { url = "https://files.pythonhosted.org/packages/97/75/10a9ebee3fd790d20926a90a2547f0bf78f371b2f13aa822c759680ca7b9/tomli-2.0.1-py3-none-any.whl", hash = "sha256:939de3e7a6161af0c887ef91b7d41a53e7c5a1ca976325f429cb46ea9bc30ecc", size = 12757, upload-time = "2022-02-08T10:54:02.017Z" },
]

[[package]]
name = "typing-extensions"
version = "4.9.0"
source = { registry = "https://pypi.org/simple" }
sdist = { url = "https://files.pythonhosted.org/packages/0c/1d/eb26f5e75100d531d7399ae800814b069bc2ed2a7410834d57374d010d96/typing_extensions-4.9.0.tar.gz", hash = "sha256:23478f88c37f27d76ac8aee6c905017a143b0b1b886c3c9f66bc2fd94f9f5783", size = 74918, upload-time = "2023-12-10T01:14:22.627Z" }
wheels = [
    { url = "https://files.pythonhosted.org/packages/b7/f4/6a90020cd2d93349b442bfcb657d0dc91eee65491600b2cb1d388bc98e6b/typing_extensions-4.9.0-py3-none-any.whl", hash = "sha256:af72aea155e91adfc61c3ae9e0e342dbc0cba726d6cba4b6c72c1f34e47291cd", size = 32750, upload-time = "2023-12-10T01:14:20.617Z" },
]
